github.com/svenliebig/seq v0.0.0-20240424164551-305228171065 h1:FhwN0u/rccDDoksCXdYeuGhp9aqIBYpOD4RRX/ac/eo=
github.com/svenliebig/seq v0.0.0-20240424164551-305228171065/go.mod h1:8Pj9sdCOlnMPHVIycwuVN4R+Dq6oKq50LPAIfF8xwiw=
github.com/svenliebig/seq v0.0.0-20240620135719-6df77487d237 h1:XQP8OkNVpEpDYB6R7MUb7ApNbnD3eJLz0wQ23KsW5jI=
github.com/svenliebig/seq v0.0.0-20240620135719-6df77487d237/go.mod h1:8Pj9sdCOlnMPHVIycwuVN4R+Dq6oKq50LPAIfF8xwiw=
